
Microsoft Visual Studio Solution File, Format Version 12.00
# Visual Studio Version 17
VisualStudioVersion = 17.11.35312.102
MinimumVisualStudioVersion = 10.0.40219.1
Project("{FAE04EC0-301F-11D3-BF4B-00C04F79EFBC}") = "TempEmbedding", "TempEmbedding\TempEmbedding.csproj", "{C2ADCEC8-3D80-4FE7-8318-BBDFC0A3158D}"
EndProject
Global
	GlobalSection(SolutionConfigurationPlatforms) = preSolution
		Debug|Any CPU = Debug|Any CPU
		Release|Any CPU = Release|Any CPU
	EndGlobalSection
	GlobalSection(ProjectConfigurationPlatforms) = postSolution
		{C2ADCEC8-3D80-4FE7-8318-BBDFC0A3158D}.Debug|Any CPU.ActiveCfg = Debug|Any CPU
		{C2ADCEC8-3D80-4FE7-8318-BBDFC0A3158D}.Debug|Any CPU.Build.0 = Debug|Any CPU
		{C2ADCEC8-3D80-4FE7-8318-BBDFC0A3158D}.Release|Any CPU.ActiveCfg = Release|Any CPU
		{C2ADCEC8-3D80-4FE7-8318-BBDFC0A3158D}.Release|Any CPU.Build.0 = Release|Any CPU
	EndGlobalSection
	GlobalSection(SolutionProperties) = preSolution
		HideSolutionNode = FALSE
	EndGlobalSection
	GlobalSection(ExtensibilityGlobals) = postSolution
		SolutionGuid = {945F8E07-BC89-425F-8C04-F554AFE4F333}
	EndGlobalSection
EndGlobal
